
Microsoft Visual Studio Solution File, Format Version 11.00
# Visual Studio 2010
Project("{FAE04EC0-301F-11D3-BF4B-00C04F79EFBC}") = "Hydna.Net20", "Hydna.Net\Hydna.Net20.csproj", "{CE4B1263-04CC-4A58-B9B2-33A58552CF46}"
EndProject
Project("{FAE04EC0-301F-11D3-BF4B-00C04F79EFBC}") = "Hydna.Net.Examples.HelloWorld", "Hydna.Net.Examples.HelloWorld\Hydna.Net.Examples.HelloWorld.csproj", "{DA430C91-4FBA-4131-8BD7-EAF548E33ADA}"
EndProject
Global
	GlobalSection(SolutionConfigurationPlatforms) = preSolution
		Debug|x86 = Debug|x86
		Release|x86 = Release|x86
		Default|Any CPU = Default|Any CPU
	EndGlobalSection
	GlobalSection(ProjectConfigurationPlatforms) = postSolution
		{DA430C91-4FBA-4131-8BD7-EAF548E33ADA}.Debug|x86.ActiveCfg = Debug|Any CPU
		{DA430C91-4FBA-4131-8BD7-EAF548E33ADA}.Debug|x86.Build.0 = Debug|Any CPU
		{DA430C91-4FBA-4131-8BD7-EAF548E33ADA}.Default|Any CPU.ActiveCfg = Debug|Any CPU
		{DA430C91-4FBA-4131-8BD7-EAF548E33ADA}.Default|Any CPU.Build.0 = Debug|Any CPU
		{DA430C91-4FBA-4131-8BD7-EAF548E33ADA}.Release|x86.ActiveCfg = Release|Any CPU
		{DA430C91-4FBA-4131-8BD7-EAF548E33ADA}.Release|x86.Build.0 = Release|Any CPU
		{CE4B1263-04CC-4A58-B9B2-33A58552CF46}.Debug|x86.ActiveCfg = Debug|Any CPU
		{CE4B1263-04CC-4A58-B9B2-33A58552CF46}.Debug|x86.Build.0 = Debug|Any CPU
		{CE4B1263-04CC-4A58-B9B2-33A58552CF46}.Release|x86.ActiveCfg = Release|Any CPU
		{CE4B1263-04CC-4A58-B9B2-33A58552CF46}.Release|x86.Build.0 = Release|Any CPU
	EndGlobalSection
	GlobalSection(MonoDevelopProperties) = preSolution
		StartupItem = Hydna.Net.Examples.HelloWorld\Hydna.Net.Examples.HelloWorld.csproj
	EndGlobalSection
EndGlobal
